
Microsoft Visual Studio Solution File, Format Version 12.00
# Visual Studio Version 17
VisualStudioVersion = 17.1.32228.430
MinimumVisualStudioVersion = 10.0.40219.1
Project("{9A19103F-16F7-4668-BE54-9A1E7A4F7556}") = "WorkerSalary", "WorkerSalary\WorkerSalary.csproj", "{D041BBB7-3B61-4A55-99FB-AE5F1A787412}"
EndProject
Project("{FAE04EC0-301F-11D3-BF4B-00C04F79EFBC}") = "WorkerSalaryTests", "WorkerSalaryTests\WorkerSalaryTests.csproj", "{8602F26E-72C5-4006-AE59-606DE91C3ADA}"
EndProject
Global
	GlobalSection(SolutionConfigurationPlatforms) = preSolution
		Debug|Any CPU = Debug|Any CPU
		Release|Any CPU = Release|Any CPU
	EndGlobalSection
	GlobalSection(ProjectConfigurationPlatforms) = postSolution
		{D041BBB7-3B61-4A55-99FB-AE5F1A787412}.Debug|Any CPU.ActiveCfg = Debug|Any CPU
		{D041BBB7-3B61-4A55-99FB-AE5F1A787412}.Debug|Any CPU.Build.0 = Debug|Any CPU
		{D041BBB7-3B61-4A55-99FB-AE5F1A787412}.Release|Any CPU.ActiveCfg = Release|Any CPU
		{D041BBB7-3B61-4A55-99FB-AE5F1A787412}.Release|Any CPU.Build.0 = Release|Any CPU
		{8602F26E-72C5-4006-AE59-606DE91C3ADA}.Debug|Any CPU.ActiveCfg = Debug|Any CPU
		{8602F26E-72C5-4006-AE59-606DE91C3ADA}.Debug|Any CPU.Build.0 = Debug|Any CPU
		{8602F26E-72C5-4006-AE59-606DE91C3ADA}.Release|Any CPU.ActiveCfg = Release|Any CPU
		{8602F26E-72C5-4006-AE59-606DE91C3ADA}.Release|Any CPU.Build.0 = Release|Any CPU
	EndGlobalSection
	GlobalSection(SolutionProperties) = preSolution
		HideSolutionNode = FALSE
	EndGlobalSection
	GlobalSection(ExtensibilityGlobals) = postSolution
		SolutionGuid = {B79EB2DC-2E1F-46D6-8B88-91526C39DFFE}
	EndGlobalSection
EndGlobal
